
Microsoft Visual Studio Solution File, Format Version 12.00
# Visual Studio Version 16
VisualStudioVersion = 16.0.31410.357
MinimumVisualStudioVersion = 10.0.40219.1
Project("{FAE04EC0-301F-11D3-BF4B-00C04F79EFBC}") = "PickRandomCards", "PickRandomCards\PickRandomCards.csproj", "{9AF0EBCF-8C91-4B67-965B-E72F63E81450}"
EndProject
Global
	GlobalSection(SolutionConfigurationPlatforms) = preSolution
		Debug|Any CPU = Debug|Any CPU
		Release|Any CPU = Release|Any CPU
	EndGlobalSection
	GlobalSection(ProjectConfigurationPlatforms) = postSolution
		{9AF0EBCF-8C91-4B67-965B-E72F63E81450}.Debug|Any CPU.ActiveCfg = Debug|Any CPU
		{9AF0EBCF-8C91-4B67-965B-E72F63E81450}.Debug|Any CPU.Build.0 = Debug|Any CPU
		{9AF0EBCF-8C91-4B67-965B-E72F63E81450}.Release|Any CPU.ActiveCfg = Release|Any CPU
		{9AF0EBCF-8C91-4B67-965B-E72F63E81450}.Release|Any CPU.Build.0 = Release|Any CPU
	EndGlobalSection
	GlobalSection(SolutionProperties) = preSolution
		HideSolutionNode = FALSE
	EndGlobalSection
	GlobalSection(ExtensibilityGlobals) = postSolution
		SolutionGuid = {9B98F063-8B84-4C28-8FBC-BB3FAC5446E6}
	EndGlobalSection
EndGlobal
